<?xml version="1.0" encoding="UTF-8" standalone="yes" ?>
<CodeBlocks_project_file>
	<FileVersion major="1" minor="6" />
	<Project>
		<Option title="AK-unittest" />
		<Option pch_mode="2" />
		<Option compiler="gcc" />
		<Build>
			<Target title="debug">
				<Option output="bin/debug/ak-unittest" prefix_auto="1" extension_auto="1" />
				<Option working_dir="bin/debug" />
				<Option object_output="obj/debug/" />
				<Option type="1" />
				<Option compiler="gcc" />
				<Option parameters="../../data/data.db" />
				<Compiler>
					<Add option="-Wfloat-equal" />
					<Add option="-Wunreachable-code" />
					<Add option="-Wswitch-enum" />
					<Add option="-pedantic" />
					<Add option="-Wextra" />
					<Add option="-Wall" />
					<Add option="-std=c++14" />
					<Add option="-g" />
					<Add directory="../../src/lib/SQLiteCpp/include" />
					<Add directory="../../src" />
				</Compiler>
				<Linker>
					<Add option="-lsqlite3" />
					<Add option="-lUnitTest++" />
				</Linker>
			</Target>
			<Target title="release">
				<Option output="bin/release/ak-unittest" prefix_auto="1" extension_auto="1" />
				<Option object_output="obj/release/" />
				<Option type="1" />
				<Option compiler="gcc" />
				<Option parameters="../../data/data.db" />
				<Compiler>
					<Add option="-O2" />
					<Add option="-pedantic" />
					<Add option="-Wextra" />
					<Add option="-Wall" />
					<Add option="-std=c++14" />
					<Add directory="../../src" />
					<Add directory="../../src/lib/SQLiteCpp/include" />
				</Compiler>
				<Linker>
					<Add option="-s" />
					<Add option="-lsqlite3" />
					<Add library="/usr/local/lib/libUnitTest++.a" />
				</Linker>
			</Target>
		</Build>
		<Compiler>
			<Add option="-Wall" />
			<Add directory="SQLiteCpp/include/SQLiteCpp" />
		</Compiler>
		<Unit filename="../../src/alias.hxx" />
		<Unit filename="../../src/compositionrelationexpression.cxx" />
		<Unit filename="../../src/compositionrelationexpression.hxx" />
		<Unit filename="../../src/dbconfig.cxx" />
		<Unit filename="../../src/dbconfig.hxx" />
		<Unit filename="../../src/dbinstancemanager.cxx" />
		<Unit filename="../../src/dbinstancemanager.hxx" />
		<Unit filename="../../src/generalizationrelationexpression.cxx" />
		<Unit filename="../../src/generalizationrelationexpression.hxx" />
		<Unit filename="../../src/idbcursor.hxx" />
		<Unit filename="../../src/idbfactory.hxx" />
		<Unit filename="../../src/idbobject.hxx" />
		<Unit filename="../../src/irelationexpression.hxx" />
		<Unit filename="../../src/irelationexpressionvisitor.hxx" />
		<Unit filename="../../src/lib/SQLiteCpp/include/SQLiteCpp/Assertion.h" />
		<Unit filename="../../src/lib/SQLiteCpp/include/SQLiteCpp/Backup.h" />
		<Unit filename="../../src/lib/SQLiteCpp/include/SQLiteCpp/Column.h" />
		<Unit filename="../../src/lib/SQLiteCpp/include/SQLiteCpp/Database.h" />
		<Unit filename="../../src/lib/SQLiteCpp/include/SQLiteCpp/Exception.h" />
		<Unit filename="../../src/lib/SQLiteCpp/include/SQLiteCpp/SQLiteCpp.h" />
		<Unit filename="../../src/lib/SQLiteCpp/include/SQLiteCpp/Statement.h" />
		<Unit filename="../../src/lib/SQLiteCpp/include/SQLiteCpp/Transaction.h" />
		<Unit filename="../../src/lib/SQLiteCpp/include/SQLiteCpp/VariadicBind.h" />
		<Unit filename="../../src/lib/SQLiteCpp/src/Backup.cpp" />
		<Unit filename="../../src/lib/SQLiteCpp/src/Column.cpp" />
		<Unit filename="../../src/lib/SQLiteCpp/src/Database.cpp" />
		<Unit filename="../../src/lib/SQLiteCpp/src/Exception.cpp" />
		<Unit filename="../../src/lib/SQLiteCpp/src/Statement.cpp" />
		<Unit filename="../../src/lib/SQLiteCpp/src/Transaction.cpp" />
		<Unit filename="../../src/objectexpression.cxx" />
		<Unit filename="../../src/objectexpression.hxx" />
		<Unit filename="../../src/relationexpressionparser.cxx" />
		<Unit filename="../../src/relationexpressionparser.hxx" />
		<Unit filename="../../src/relationexpressionsavevisitor.cxx" />
		<Unit filename="../../src/relationexpressionsavevisitor.hxx" />
		<Unit filename="../../src/relationexpressionsyntaxerror.hxx" />
		<Unit filename="../../src/sqlite3dbcursor.hxx" />
		<Unit filename="../../src/sqlite3dbfactory.cxx" />
		<Unit filename="../../src/sqlite3dbfactory.hxx" />
		<Unit filename="../../src/sqlite3dbobject.cxx" />
		<Unit filename="../../src/sqlite3dbobject.hxx" />
		<Unit filename="ak_mock.hxx" />
		<Unit filename="objecttestfixture.cxx" />
		<Unit filename="objecttestfixture.hxx" />
		<Unit filename="unittests.cxx" />
		<Extensions>
			<code_completion />
			<debugger />
		</Extensions>
	</Project>
</CodeBlocks_project_file>
